
Microsoft Visual Studio Solution File, Format Version 12.00
# Visual Studio 15
VisualStudioVersion = 15.0.27130.2027
MinimumVisualStudioVersion = 10.0.40219.1
Project("{FAE04EC0-301F-11D3-BF4B-00C04F79EFBC}") = "QuestionsApp", "QuestionsApp\QuestionsApp.csproj", "{C22DD354-F6CF-4083-A994-80496F5EEB95}"
EndProject
Project("{FAE04EC0-301F-11D3-BF4B-00C04F79EFBC}") = "DbAccess3", "DbAccess3\DbAccess3.csproj", "{82274F87-C201-413E-A5B6-341F414A574A}"
EndProject
Global
	GlobalSection(SolutionConfigurationPlatforms) = preSolution
		Debug|Any CPU = Debug|Any CPU
		Release|Any CPU = Release|Any CPU
	EndGlobalSection
	GlobalSection(ProjectConfigurationPlatforms) = postSolution
		{C22DD354-F6CF-4083-A994-80496F5EEB95}.Debug|Any CPU.ActiveCfg = Debug|Any CPU
		{C22DD354-F6CF-4083-A994-80496F5EEB95}.Debug|Any CPU.Build.0 = Debug|Any CPU
		{C22DD354-F6CF-4083-A994-80496F5EEB95}.Release|Any CPU.ActiveCfg = Release|Any CPU
		{C22DD354-F6CF-4083-A994-80496F5EEB95}.Release|Any CPU.Build.0 = Release|Any CPU
		{82274F87-C201-413E-A5B6-341F414A574A}.Debug|Any CPU.ActiveCfg = Debug|Any CPU
		{82274F87-C201-413E-A5B6-341F414A574A}.Debug|Any CPU.Build.0 = Debug|Any CPU
		{82274F87-C201-413E-A5B6-341F414A574A}.Release|Any CPU.ActiveCfg = Release|Any CPU
		{82274F87-C201-413E-A5B6-341F414A574A}.Release|Any CPU.Build.0 = Release|Any CPU
	EndGlobalSection
	GlobalSection(SolutionProperties) = preSolution
		HideSolutionNode = FALSE
	EndGlobalSection
	GlobalSection(ExtensibilityGlobals) = postSolution
		SolutionGuid = {95081437-0F65-4868-9B1F-F3E6762CC130}
	EndGlobalSection
EndGlobal
